
Microsoft Visual Studio Solution File, Format Version 12.00
# Visual Studio Version 16
VisualStudioVersion = 16.0.32126.315
MinimumVisualStudioVersion = 10.0.40219.1
Project("{2150E333-8FDC-42A3-9474-1A3956D46DE8}") = "Services", "Services", "{CCF917C9-1166-4CC3-9931-812C03DC6116}"
EndProject
Project("{2150E333-8FDC-42A3-9474-1A3956D46DE8}") = "Catalog", "Catalog", "{937BC7BE-1585-4E9F-9115-41D36A2C6B74}"
EndProject
Project("{FAE04EC0-301F-11D3-BF4B-00C04F79EFBC}") = "Catalog.API", "Services\Catalog\Catalog.API\Catalog.API.csproj", "{3C05FA73-5D47-413F-BA0B-563A400AC9DA}"
EndProject
Project("{E53339B2-1760-4266-BCC7-CA923CBCF16C}") = "docker-compose", "docker-compose.dcproj", "{90E68143-7762-4E7F-A732-FED69B0273C0}"
EndProject
Global
	GlobalSection(SolutionConfigurationPlatforms) = preSolution
		Debug|Any CPU = Debug|Any CPU
		Release|Any CPU = Release|Any CPU
	EndGlobalSection
	GlobalSection(ProjectConfigurationPlatforms) = postSolution
		{3C05FA73-5D47-413F-BA0B-563A400AC9DA}.Debug|Any CPU.ActiveCfg = Debug|Any CPU
		{3C05FA73-5D47-413F-BA0B-563A400AC9DA}.Debug|Any CPU.Build.0 = Debug|Any CPU
		{3C05FA73-5D47-413F-BA0B-563A400AC9DA}.Release|Any CPU.ActiveCfg = Release|Any CPU
		{3C05FA73-5D47-413F-BA0B-563A400AC9DA}.Release|Any CPU.Build.0 = Release|Any CPU
		{90E68143-7762-4E7F-A732-FED69B0273C0}.Debug|Any CPU.ActiveCfg = Debug|Any CPU
		{90E68143-7762-4E7F-A732-FED69B0273C0}.Debug|Any CPU.Build.0 = Debug|Any CPU
		{90E68143-7762-4E7F-A732-FED69B0273C0}.Release|Any CPU.ActiveCfg = Release|Any CPU
		{90E68143-7762-4E7F-A732-FED69B0273C0}.Release|Any CPU.Build.0 = Release|Any CPU
	EndGlobalSection
	GlobalSection(SolutionProperties) = preSolution
		HideSolutionNode = FALSE
	EndGlobalSection
	GlobalSection(NestedProjects) = preSolution
		{937BC7BE-1585-4E9F-9115-41D36A2C6B74} = {CCF917C9-1166-4CC3-9931-812C03DC6116}
		{3C05FA73-5D47-413F-BA0B-563A400AC9DA} = {937BC7BE-1585-4E9F-9115-41D36A2C6B74}
	EndGlobalSection
	GlobalSection(ExtensibilityGlobals) = postSolution
		SolutionGuid = {B5DA5B41-4A3D-4D12-B83A-15EFB5C2162A}
	EndGlobalSection
EndGlobal
